
Microsoft Visual Studio Solution File, Format Version 12.00
# Visual Studio 15
Project("{FAE04EC0-301F-11D3-BF4B-00C04F79EFBC}") = "Assembly-CSharp-firstpass", "Assembly-CSharp-firstpass.csproj", "{13B519C6-2826-4EA4-00D2-9DE4C6FD65FE}"
EndProject
Project("{FAE04EC0-301F-11D3-BF4B-00C04F79EFBC}") = "Assembly-CSharp", "Assembly-CSharp.csproj", "{45AE95B1-6082-7EC1-32E7-197D7C24409A}"
EndProject
Project("{FAE04EC0-301F-11D3-BF4B-00C04F79EFBC}") = "Assembly-CSharp-Editor-firstpass", "Assembly-CSharp-Editor-firstpass.csproj", "{1E7F42B2-5EA2-D4DB-DDEE-E7F80AFF32F6}"
EndProject
Global
	GlobalSection(SolutionConfigurationPlatforms) = preSolution
		Debug|Any CPU = Debug|Any CPU
		Release|Any CPU = Release|Any CPU
	EndGlobalSection
	GlobalSection(ProjectConfigurationPlatforms) = postSolution
		{13B519C6-2826-4EA4-00D2-9DE4C6FD65FE}.Debug|Any CPU.ActiveCfg = Debug|Any CPU
		{13B519C6-2826-4EA4-00D2-9DE4C6FD65FE}.Debug|Any CPU.Build.0 = Debug|Any CPU
		{13B519C6-2826-4EA4-00D2-9DE4C6FD65FE}.Release|Any CPU.ActiveCfg = Release|Any CPU
		{13B519C6-2826-4EA4-00D2-9DE4C6FD65FE}.Release|Any CPU.Build.0 = Release|Any CPU
		{45AE95B1-6082-7EC1-32E7-197D7C24409A}.Debug|Any CPU.ActiveCfg = Debug|Any CPU
		{45AE95B1-6082-7EC1-32E7-197D7C24409A}.Debug|Any CPU.Build.0 = Debug|Any CPU
		{45AE95B1-6082-7EC1-32E7-197D7C24409A}.Release|Any CPU.ActiveCfg = Release|Any CPU
		{45AE95B1-6082-7EC1-32E7-197D7C24409A}.Release|Any CPU.Build.0 = Release|Any CPU
		{1E7F42B2-5EA2-D4DB-DDEE-E7F80AFF32F6}.Debug|Any CPU.ActiveCfg = Debug|Any CPU
		{1E7F42B2-5EA2-D4DB-DDEE-E7F80AFF32F6}.Debug|Any CPU.Build.0 = Debug|Any CPU
		{1E7F42B2-5EA2-D4DB-DDEE-E7F80AFF32F6}.Release|Any CPU.ActiveCfg = Release|Any CPU
		{1E7F42B2-5EA2-D4DB-DDEE-E7F80AFF32F6}.Release|Any CPU.Build.0 = Release|Any CPU
	EndGlobalSection
	GlobalSection(SolutionProperties) = preSolution
		HideSolutionNode = FALSE
	EndGlobalSection
EndGlobal
